// !$*UTF8*$!
{
	archiveVersion = 1;
	classes = {
	};
	objectVersion = 50;
	objects = {

/* Begin PBXBuildFile section */
		3743312E229D1498000CD792 /* AppDelegate.swift in Sources */ = {isa = PBXBuildFile; fileRef = 3743312D229D1498000CD792 /* AppDelegate.swift */; };
		37433130229D1498000CD792 /* ShowCountersVC.swift in Sources */ = {isa = PBXBuildFile; fileRef = 3743312F229D1498000CD792 /* ShowCountersVC.swift */; };
		37433133229D1498000CD792 /* Main.storyboard in Resources */ = {isa = PBXBuildFile; fileRef = 37433131229D1498000CD792 /* Main.storyboard */; };
		37433135229D1499000CD792 /* Assets.xcassets in Resources */ = {isa = PBXBuildFile; fileRef = 37433134229D1499000CD792 /* Assets.xcassets */; };
		37433138229D1499000CD792 /* LaunchScreen.storyboard in Resources */ = {isa = PBXBuildFile; fileRef = 37433136229D1499000CD792 /* LaunchScreen.storyboard */; };
		37433143229D1499000CD792 /* Counter_Reusable_ComponentTests.swift in Sources */ = {isa = PBXBuildFile; fileRef = 37433142229D1499000CD792 /* Counter_Reusable_ComponentTests.swift */; };
		3743314E229D1499000CD792 /* Counter_Reusable_ComponentUITests.swift in Sources */ = {isa = PBXBuildFile; fileRef = 3743314D229D1499000CD792 /* Counter_Reusable_ComponentUITests.swift */; };
		3743315D229D30C7000CD792 /* CounterSectionView.swift in Sources */ = {isa = PBXBuildFile; fileRef = 3743315C229D30C7000CD792 /* CounterSectionView.swift */; };
		3743315F229D314D000CD792 /* CounterSectionView.xib in Resources */ = {isa = PBXBuildFile; fileRef = 3743315E229D314D000CD792 /* CounterSectionView.xib */; };
		37433161229D33B6000CD792 /* CounterCell.swift in Sources */ = {isa = PBXBuildFile; fileRef = 37433160229D33B6000CD792 /* CounterCell.swift */; };
		37433163229D33EC000CD792 /* CounterCell.xib in Resources */ = {isa = PBXBuildFile; fileRef = 37433162229D33EC000CD792 /* CounterCell.xib */; };
		37433168229D43E1000CD792 /* AddTimerAlert.swift in Sources */ = {isa = PBXBuildFile; fileRef = 37433167229D43E1000CD792 /* AddTimerAlert.swift */; };
		3743316A229D43FB000CD792 /* AddTimerAlert.xib in Resources */ = {isa = PBXBuildFile; fileRef = 37433169229D43FB000CD792 /* AddTimerAlert.xib */; };
		37C7430D229FC18500420F99 /* NewTimer.swift in Sources */ = {isa = PBXBuildFile; fileRef = 37C7430C229FC18500420F99 /* NewTimer.swift */; };
		37C7431122A2B11400420F99 /* ProgressCircularAnimation.swift in Sources */ = {isa = PBXBuildFile; fileRef = 37C7431022A2B11400420F99 /* ProgressCircularAnimation.swift */; };
/* End PBXBuildFile section */

/* Begin PBXContainerItemProxy section */
		3743313F229D1499000CD792 /* PBXContainerItemProxy */ = {
			isa = PBXContainerItemProxy;
			containerPortal = 37433122229D1498000CD792 /* Project object */;
			proxyType = 1;
			remoteGlobalIDString = 37433129229D1498000CD792;
			remoteInfo = "Counter Reusable Component";
		};
		3743314A229D1499000CD792 /* PBXContainerItemProxy */ = {
			isa = PBXContainerItemProxy;
			containerPortal = 37433122229D1498000CD792 /* Project object */;
			proxyType = 1;
			remoteGlobalIDString = 37433129229D1498000CD792;
			remoteInfo = "Counter Reusable Component";
		};
/* End PBXContainerItemProxy section */

/* Begin PBXFileReference section */
		3743312A229D1498000CD792 /* Counter Reusable Component.app */ = {isa = PBXFileReference; explicitFileType = wrapper.application; includeInIndex = 0; path = "Counter Reusable Component.app"; sourceTree = BUILT_PRODUCTS_DIR; };
		3743312D229D1498000CD792 /* AppDelegate.swift */ = {isa = PBXFileReference; lastKnownFileType = sourcecode.swift; path = AppDelegate.swift; sourceTree = "<group>"; };
		3743312F229D1498000CD792 /* ShowCountersVC.swift */ = {isa = PBXFileReference; lastKnownFileType = sourcecode.swift; path = ShowCountersVC.swift; sourceTree = "<group>"; };
		37433132229D1498000CD792 /* Base */ = {isa = PBXFileReference; lastKnownFileType = file.storyboard; name = Base; path = Base.lproj/Main.storyboard; sourceTree = "<group>"; };
		37433134229D1499000CD792 /* Assets.xcassets */ = {isa = PBXFileReference; lastKnownFileType = folder.assetcatalog; path = Assets.xcassets; sourceTree = "<group>"; };
		37433137229D1499000CD792 /* Base */ = {isa = PBXFileReference; lastKnownFileType = file.storyboard; name = Base; path = Base.lproj/LaunchScreen.storyboard; sourceTree = "<group>"; };
		37433139229D1499000CD792 /* Info.plist */ = {isa = PBXFileReference; lastKnownFileType = text.plist.xml; path = Info.plist; sourceTree = "<group>"; };
		3743313E229D1499000CD792 /* Counter Reusable ComponentTests.xctest */ = {isa = PBXFileReference; explicitFileType = wrapper.cfbundle; includeInIndex = 0; path = "Counter Reusable ComponentTests.xctest"; sourceTree = BUILT_PRODUCTS_DIR; };
		37433142229D1499000CD792 /* Counter_Reusable_ComponentTests.swift */ = {isa = PBXFileReference; lastKnownFileType = sourcecode.swift; path = Counter_Reusable_ComponentTests.swift; sourceTree = "<group>"; };
		37433144229D1499000CD792 /* Info.plist */ = {isa = PBXFileReference; lastKnownFileType = text.plist.xml; path = Info.plist; sourceTree = "<group>"; };
		37433149229D1499000CD792 /* Counter Reusable ComponentUITests.xctest */ = {isa = PBXFileReference; explicitFileType = wrapper.cfbundle; includeInIndex = 0; path = "Counter Reusable ComponentUITests.xctest"; sourceTree = BUILT_PRODUCTS_DIR; };
		3743314D229D1499000CD792 /* Counter_Reusable_ComponentUITests.swift */ = {isa = PBXFileReference; lastKnownFileType = sourcecode.swift; path = Counter_Reusable_ComponentUITests.swift; sourceTree = "<group>"; };
		3743314F229D1499000CD792 /* Info.plist */ = {isa = PBXFileReference; lastKnownFileType = text.plist.xml; path = Info.plist; sourceTree = "<group>"; };
		3743315C229D30C7000CD792 /* CounterSectionView.swift */ = {isa = PBXFileReference; lastKnownFileType = sourcecode.swift; path = CounterSectionView.swift; sourceTree = "<group>"; };
		3743315E229D314D000CD792 /* CounterSectionView.xib */ = {isa = PBXFileReference; lastKnownFileType = file.xib; path = CounterSectionView.xib; sourceTree = "<group>"; };
		37433160229D33B6000CD792 /* CounterCell.swift */ = {isa = PBXFileReference; lastKnownFileType = sourcecode.swift; path = CounterCell.swift; sourceTree = "<group>"; };
		37433162229D33EC000CD792 /* CounterCell.xib */ = {isa = PBXFileReference; lastKnownFileType = file.xib; path = CounterCell.xib; sourceTree = "<group>"; };
		37433167229D43E1000CD792 /* AddTimerAlert.swift */ = {isa = PBXFileReference; lastKnownFileType = sourcecode.swift; path = AddTimerAlert.swift; sourceTree = "<group>"; };
		37433169229D43FB000CD792 /* AddTimerAlert.xib */ = {isa = PBXFileReference; lastKnownFileType = file.xib; path = AddTimerAlert.xib; sourceTree = "<group>"; };
		37C7430C229FC18500420F99 /* NewTimer.swift */ = {isa = PBXFileReference; lastKnownFileType = sourcecode.swift; path = NewTimer.swift; sourceTree = "<group>"; };
		37C7431022A2B11400420F99 /* ProgressCircularAnimation.swift */ = {isa = PBXFileReference; lastKnownFileType = sourcecode.swift; path = ProgressCircularAnimation.swift; sourceTree = "<group>"; };
/* End PBXFileReference section */

/* Begin PBXFrameworksBuildPhase section */
		37433127229D1498000CD792 /* Frameworks */ = {
			isa = PBXFrameworksBuildPhase;
			buildActionMask = 2147483647;
			files = (
			);
			runOnlyForDeploymentPostprocessing = 0;
		};
		3743313B229D1499000CD792 /* Frameworks */ = {
			isa = PBXFrameworksBuildPhase;
			buildActionMask = 2147483647;
			files = (
			);
			runOnlyForDeploymentPostprocessing = 0;
		};
		37433146229D1499000CD792 /* Frameworks */ = {
			isa = PBXFrameworksBuildPhase;
			buildActionMask = 2147483647;
			files = (
			);
			runOnlyForDeploymentPostprocessing = 0;
		};
/* End PBXFrameworksBuildPhase section */

/* Begin PBXGroup section */
		37433121229D1498000CD792 = {
			isa = PBXGroup;
			children = (
				3743312C229D1498000CD792 /* Counter Reusable Component */,
				37433141229D1499000CD792 /* Counter Reusable ComponentTests */,
				3743314C229D1499000CD792 /* Counter Reusable ComponentUITests */,
				3743312B229D1498000CD792 /* Products */,
			);
			sourceTree = "<group>";
		};
		3743312B229D1498000CD792 /* Products */ = {
			isa = PBXGroup;
			children = (
				3743312A229D1498000CD792 /* Counter Reusable Component.app */,
				3743313E229D1499000CD792 /* Counter Reusable ComponentTests.xctest */,
				37433149229D1499000CD792 /* Counter Reusable ComponentUITests.xctest */,
			);
			name = Products;
			sourceTree = "<group>";
		};
		3743312C229D1498000CD792 /* Counter Reusable Component */ = {
			isa = PBXGroup;
			children = (
				37C7430A229FC14900420F99 /* Model */,
				37433164229D433D000CD792 /* View */,
				37C7430B229FC15E00420F99 /* Controller */,
				3743312D229D1498000CD792 /* AppDelegate.swift */,
				37433131229D1498000CD792 /* Main.storyboard */,
				37433134229D1499000CD792 /* Assets.xcassets */,
				37433136229D1499000CD792 /* LaunchScreen.storyboard */,
				37433139229D1499000CD792 /* Info.plist */,
			);
			path = "Counter Reusable Component";
			sourceTree = "<group>";
		};
		37433141229D1499000CD792 /* Counter Reusable ComponentTests */ = {
			isa = PBXGroup;
			children = (
				37433142229D1499000CD792 /* Counter_Reusable_ComponentTests.swift */,
				37433144229D1499000CD792 /* Info.plist */,
			);
			path = "Counter Reusable ComponentTests";
			sourceTree = "<group>";
		};
		3743314C229D1499000CD792 /* Counter Reusable ComponentUITests */ = {
			isa = PBXGroup;
			children = (
				3743314D229D1499000CD792 /* Counter_Reusable_ComponentUITests.swift */,
				3743314F229D1499000CD792 /* Info.plist */,
			);
			path = "Counter Reusable ComponentUITests";
			sourceTree = "<group>";
		};
		3743315B229D1AAD000CD792 /* TableviewHeadersCells */ = {
			isa = PBXGroup;
			children = (
				3743315C229D30C7000CD792 /* CounterSectionView.swift */,
				3743315E229D314D000CD792 /* CounterSectionView.xib */,
				37433160229D33B6000CD792 /* CounterCell.swift */,
				37433162229D33EC000CD792 /* CounterCell.xib */,
			);
			path = TableviewHeadersCells;
			sourceTree = "<group>";
		};
		37433164229D433D000CD792 /* View */ = {
			isa = PBXGroup;
			children = (
				37433166229D437E000CD792 /* ViewControllers */,
				37433165229D4358000CD792 /* Xibs */,
				3743315B229D1AAD000CD792 /* TableviewHeadersCells */,
			);
			path = View;
			sourceTree = "<group>";
		};
		37433165229D4358000CD792 /* Xibs */ = {
			isa = PBXGroup;
			children = (
				37433167229D43E1000CD792 /* AddTimerAlert.swift */,
				37433169229D43FB000CD792 /* AddTimerAlert.xib */,
			);
			path = Xibs;
			sourceTree = "<group>";
		};
		37433166229D437E000CD792 /* ViewControllers */ = {
			isa = PBXGroup;
			children = (
				3743312F229D1498000CD792 /* ShowCountersVC.swift */,
			);
			path = ViewControllers;
			sourceTree = "<group>";
		};
		37C7430A229FC14900420F99 /* Model */ = {
			isa = PBXGroup;
			children = (
				37C7430C229FC18500420F99 /* NewTimer.swift */,
			);
			path = Model;
			sourceTree = "<group>";
		};
		37C7430B229FC15E00420F99 /* Controller */ = {
			isa = PBXGroup;
			children = (
				37C7431022A2B11400420F99 /* ProgressCircularAnimation.swift */,
			);
			path = Controller;
			sourceTree = "<group>";
		};
/* End PBXGroup section */

/* Begin PBXNativeTarget section */
		37433129229D1498000CD792 /* Counter Reusable Component */ = {
			isa = PBXNativeTarget;
			buildConfigurationList = 37433152229D1499000CD792 /* Build configuration list for PBXNativeTarget "Counter Reusable Component" */;
			buildPhases = (
				37433126229D1498000CD792 /* Sources */,
				37433127229D1498000CD792 /* Frameworks */,
				37433128229D1498000CD792 /* Resources */,
			);
			buildRules = (
			);
			dependencies = (
			);
			name = "Counter Reusable Component";
			productName = "Counter Reusable Component";
			productReference = 3743312A229D1498000CD792 /* Counter Reusable Component.app */;
			productType = "com.apple.product-type.application";
		};
		3743313D229D1499000CD792 /* Counter Reusable ComponentTests */ = {
			isa = PBXNativeTarget;
			buildConfigurationList = 37433155229D1499000CD792 /* Build configuration list for PBXNativeTarget "Counter Reusable ComponentTests" */;
			buildPhases = (
				3743313A229D1499000CD792 /* Sources */,
				3743313B229D1499000CD792 /* Frameworks */,
				3743313C229D1499000CD792 /* Resources */,
			);
			buildRules = (
			);
			dependencies = (
				37433140229D1499000CD792 /* PBXTargetDependency */,
			);
			name = "Counter Reusable ComponentTests";
			productName = "Counter Reusable ComponentTests";
			productReference = 3743313E229D1499000CD792 /* Counter Reusable ComponentTests.xctest */;
			productType = "com.apple.product-type.bundle.unit-test";
		};
		37433148229D1499000CD792 /* Counter Reusable ComponentUITests */ = {
			isa = PBXNativeTarget;
			buildConfigurationList = 37433158229D1499000CD792 /* Build configuration list for PBXNativeTarget "Counter Reusable ComponentUITests" */;
			buildPhases = (
				37433145229D1499000CD792 /* Sources */,
				37433146229D1499000CD792 /* Frameworks */,
				37433147229D1499000CD792 /* Resources */,
			);
			buildRules = (
			);
			dependencies = (
				3743314B229D1499000CD792 /* PBXTargetDependency */,
			);
			name = "Counter Reusable ComponentUITests";
			productName = "Counter Reusable ComponentUITests";
			productReference = 37433149229D1499000CD792 /* Counter Reusable ComponentUITests.xctest */;
			productType = "com.apple.product-type.bundle.ui-testing";
		};
/* End PBXNativeTarget section */

/* Begin PBXProject section */
		37433122229D1498000CD792 /* Project object */ = {
			isa = PBXProject;
			attributes = {
				LastSwiftUpdateCheck = 1010;
				LastUpgradeCheck = 1010;
				ORGANIZATIONNAME = "Gupta, Rupali (US - Bengaluru)";
				TargetAttributes = {
					37433129229D1498000CD792 = {
						CreatedOnToolsVersion = 10.1;
					};
					3743313D229D1499000CD792 = {
						CreatedOnToolsVersion = 10.1;
						TestTargetID = 37433129229D1498000CD792;
					};
					37433148229D1499000CD792 = {
						CreatedOnToolsVersion = 10.1;
						TestTargetID = 37433129229D1498000CD792;
					};
				};
			};
			buildConfigurationList = 37433125229D1498000CD792 /* Build configuration list for PBXProject "Counter Reusable Component" */;
			compatibilityVersion = "Xcode 9.3";
			developmentRegion = en;
			hasScannedForEncodings = 0;
			knownRegions = (
				en,
				Base,
			);
			mainGroup = 37433121229D1498000CD792;
			productRefGroup = 3743312B229D1498000CD792 /* Products */;
			projectDirPath = "";
			projectRoot = "";
			targets = (
				37433129229D1498000CD792 /* Counter Reusable Component */,
				3743313D229D1499000CD792 /* Counter Reusable ComponentTests */,
				37433148229D1499000CD792 /* Counter Reusable ComponentUITests */,
			);
		};
/* End PBXProject section */

/* Begin PBXResourcesBuildPhase section */
		37433128229D1498000CD792 /* Resources */ = {
			isa = PBXResourcesBuildPhase;
			buildActionMask = 2147483647;
			files = (
				37433138229D1499000CD792 /* LaunchScreen.storyboard in Resources */,
				37433135229D1499000CD792 /* Assets.xcassets in Resources */,
				37433133229D1498000CD792 /* Main.storyboard in Resources */,
				3743315F229D314D000CD792 /* CounterSectionView.xib in Resources */,
				3743316A229D43FB000CD792 /* AddTimerAlert.xib in Resources */,
				37433163229D33EC000CD792 /* CounterCell.xib in Resources */,
			);
			runOnlyForDeploymentPostprocessing = 0;
		};
		3743313C229D1499000CD792 /* Resources */ = {
			isa = PBXResourcesBuildPhase;
			buildActionMask = 2147483647;
			files = (
			);
			runOnlyForDeploymentPostprocessing = 0;
		};
		37433147229D1499000CD792 /* Resources */ = {
			isa = PBXResourcesBuildPhase;
			buildActionMask = 2147483647;
			files = (
			);
			runOnlyForDeploymentPostprocessing = 0;
		};
/* End PBXResourcesBuildPhase section */

/* Begin PBXSourcesBuildPhase section */
		37433126229D1498000CD792 /* Sources */ = {
			isa = PBXSourcesBuildPhase;
			buildActionMask = 2147483647;
			files = (
				37433161229D33B6000CD792 /* CounterCell.swift in Sources */,
				37433130229D1498000CD792 /* ShowCountersVC.swift in Sources */,
				3743315D229D30C7000CD792 /* CounterSectionView.swift in Sources */,
				37C7430D229FC18500420F99 /* NewTimer.swift in Sources */,
				3743312E229D1498000CD792 /* AppDelegate.swift in Sources */,
				37C7431122A2B11400420F99 /* ProgressCircularAnimation.swift in Sources */,
				37433168229D43E1000CD792 /* AddTimerAlert.swift in Sources */,
			);
			runOnlyForDeploymentPostprocessing = 0;
		};
		3743313A229D1499000CD792 /* Sources */ = {
			isa = PBXSourcesBuildPhase;
			buildActionMask = 2147483647;
			files = (
				37433143229D1499000CD792 /* Counter_Reusable_ComponentTests.swift in Sources */,
			);
			runOnlyForDeploymentPostprocessing = 0;
		};
		37433145229D1499000CD792 /* Sources */ = {
			isa = PBXSourcesBuildPhase;
			buildActionMask = 2147483647;
			files = (
				3743314E229D1499000CD792 /* Counter_Reusable_ComponentUITests.swift in Sources */,
			);
			runOnlyForDeploymentPostprocessing = 0;
		};
/* End PBXSourcesBuildPhase section */

/* Begin PBXTargetDependency section */
		37433140229D1499000CD792 /* PBXTargetDependency */ = {
			isa = PBXTargetDependency;
			target = 37433129229D1498000CD792 /* Counter Reusable Component */;
			targetProxy = 3743313F229D1499000CD792 /* PBXContainerItemProxy */;
		};
		3743314B229D1499000CD792 /* PBXTargetDependency */ = {
			isa = PBXTargetDependency;
			target = 37433129229D1498000CD792 /* Counter Reusable Component */;
			targetProxy = 3743314A229D1499000CD792 /* PBXContainerItemProxy */;
		};
/* End PBXTargetDependency section */

/* Begin PBXVariantGroup section */
		37433131229D1498000CD792 /* Main.storyboard */ = {
			isa = PBXVariantGroup;
			children = (
				37433132229D1498000CD792 /* Base */,
			);
			name = Main.storyboard;
			sourceTree = "<group>";
		};
		37433136229D1499000CD792 /* LaunchScreen.storyboard */ = {
			isa = PBXVariantGroup;
			children = (
				37433137229D1499000CD792 /* Base */,
			);
			name = LaunchScreen.storyboard;
			sourceTree = "<group>";
		};
/* End PBXVariantGroup section */

/* Begin XCBuildConfiguration section */
		37433150229D1499000CD792 /* Debug */ = {
			isa = XCBuildConfiguration;
			buildSettings = {
				ALWAYS_SEARCH_USER_PATHS = NO;
				CLANG_ANALYZER_NONNULL = YES;
				CLANG_ANALYZER_NUMBER_OBJECT_CONVERSION = YES_AGGRESSIVE;
				CLANG_CXX_LANGUAGE_STANDARD = "gnu++14";
				CLANG_CXX_LIBRARY = "libc++";
				CLANG_ENABLE_MODULES = YES;
				CLANG_ENABLE_OBJC_ARC = YES;
				CLANG_ENABLE_OBJC_WEAK = YES;
				CLANG_WARN_BLOCK_CAPTURE_AUTORELEASING = YES;
				CLANG_WARN_BOOL_CONVERSION = YES;
				CLANG_WARN_COMMA = YES;
				CLANG_WARN_CONSTANT_CONVERSION = YES;
				CLANG_WARN_DEPRECATED_OBJC_IMPLEMENTATIONS = YES;
				CLANG_WARN_DIRECT_OBJC_ISA_USAGE = YES_ERROR;
				CLANG_WARN_DOCUMENTATION_COMMENTS = YES;
				CLANG_WARN_EMPTY_BODY = YES;
				CLANG_WARN_ENUM_CONVERSION = YES;
				CLANG_WARN_INFINITE_RECURSION = YES;
				CLANG_WARN_INT_CONVERSION = YES;
				CLANG_WARN_NON_LITERAL_NULL_CONVERSION = YES;
				CLANG_WARN_OBJC_IMPLICIT_RETAIN_SELF = YES;
				CLANG_WARN_OBJC_LITERAL_CONVERSION = YES;
				CLANG_WARN_OBJC_ROOT_CLASS = YES_ERROR;
				CLANG_WARN_RANGE_LOOP_ANALYSIS = YES;
				CLANG_WARN_STRICT_PROTOTYPES = YES;
				CLANG_WARN_SUSPICIOUS_MOVE = YES;
				CLANG_WARN_UNGUARDED_AVAILABILITY = YES_AGGRESSIVE;
				CLANG_WARN_UNREACHABLE_CODE = YES;
				CLANG_WARN__DUPLICATE_METHOD_MATCH = YES;
				CODE_SIGN_IDENTITY = "iPhone Developer";
				COPY_PHASE_STRIP = NO;
				DEBUG_INFORMATION_FORMAT = dwarf;
				ENABLE_STRICT_OBJC_MSGSEND = YES;
				ENABLE_TESTABILITY = YES;
				GCC_C_LANGUAGE_STANDARD = gnu11;
				GCC_DYNAMIC_NO_PIC = NO;
				GCC_NO_COMMON_BLOCKS = YES;
				GCC_OPTIMIZATION_LEVEL = 0;
				GCC_PREPROCESSOR_DEFINITIONS = (
					"DEBUG=1",
					"$(inherited)",
				);
				GCC_WARN_64_TO_32_BIT_CONVERSION = YES;
				GCC_WARN_ABOUT_RETURN_TYPE = YES_ERROR;
				GCC_WARN_UNDECLARED_SELECTOR = YES;
				GCC_WARN_UNINITIALIZED_AUTOS = YES_AGGRESSIVE;
				GCC_WARN_UNUSED_FUNCTION = YES;
				GCC_WARN_UNUSED_VARIABLE = YES;
				IPHONEOS_DEPLOYMENT_TARGET = 12.1;
				MTL_ENABLE_DEBUG_INFO = INCLUDE_SOURCE;
				MTL_FAST_MATH = YES;
				ONLY_ACTIVE_ARCH = YES;
				SDKROOT = iphoneos;
				SWIFT_ACTIVE_COMPILATION_CONDITIONS = DEBUG;
				SWIFT_OPTIMIZATION_LEVEL = "-Onone";
			};
			name = Debug;
		};
		37433151229D1499000CD792 /* Release */ = {
			isa = XCBuildConfiguration;
			buildSettings = {
				ALWAYS_SEARCH_USER_PATHS = NO;
				CLANG_ANALYZER_NONNULL = YES;
				CLANG_ANALYZER_NUMBER_OBJECT_CONVERSION = YES_AGGRESSIVE;
				CLANG_CXX_LANGUAGE_STANDARD = "gnu++14";
				CLANG_CXX_LIBRARY = "libc++";
				CLANG_ENABLE_MODULES = YES;
				CLANG_ENABLE_OBJC_ARC = YES;
				CLANG_ENABLE_OBJC_WEAK = YES;
				CLANG_WARN_BLOCK_CAPTURE_AUTORELEASING = YES;
				CLANG_WARN_BOOL_CONVERSION = YES;
				CLANG_WARN_COMMA = YES;
				CLANG_WARN_CONSTANT_CONVERSION = YES;
				CLANG_WARN_DEPRECATED_OBJC_IMPLEMENTATIONS = YES;
				CLANG_WARN_DIRECT_OBJC_ISA_USAGE = YES_ERROR;
				CLANG_WARN_DOCUMENTATION_COMMENTS = YES;
				CLANG_WARN_EMPTY_BODY = YES;
				CLANG_WARN_ENUM_CONVERSION = YES;
				CLANG_WARN_INFINITE_RECURSION = YES;
				CLANG_WARN_INT_CONVERSION = YES;
				CLANG_WARN_NON_LITERAL_NULL_CONVERSION = YES;
				CLANG_WARN_OBJC_IMPLICIT_RETAIN_SELF = YES;
				CLANG_WARN_OBJC_LITERAL_CONVERSION = YES;
				CLANG_WARN_OBJC_ROOT_CLASS = YES_ERROR;
				CLANG_WARN_RANGE_LOOP_ANALYSIS = YES;
				CLANG_WARN_STRICT_PROTOTYPES = YES;
				CLANG_WARN_SUSPICIOUS_MOVE = YES;
				CLANG_WARN_UNGUARDED_AVAILABILITY = YES_AGGRESSIVE;
				CLANG_WARN_UNREACHABLE_CODE = YES;
				CLANG_WARN__DUPLICATE_METHOD_MATCH = YES;
				CODE_SIGN_IDENTITY = "iPhone Developer";
				COPY_PHASE_STRIP = NO;
				DEBUG_INFORMATION_FORMAT = "dwarf-with-dsym";
				ENABLE_NS_ASSERTIONS = NO;
				ENABLE_STRICT_OBJC_MSGSEND = YES;
				GCC_C_LANGUAGE_STANDARD = gnu11;
				GCC_NO_COMMON_BLOCKS = YES;
				GCC_WARN_64_TO_32_BIT_CONVERSION = YES;
				GCC_WARN_ABOUT_RETURN_TYPE = YES_ERROR;
				GCC_WARN_UNDECLARED_SELECTOR = YES;
				GCC_WARN_UNINITIALIZED_AUTOS = YES_AGGRESSIVE;
				GCC_WARN_UNUSED_FUNCTION = YES;
				GCC_WARN_UNUSED_VARIABLE = YES;
				IPHONEOS_DEPLOYMENT_TARGET = 12.1;
				MTL_ENABLE_DEBUG_INFO = NO;
				MTL_FAST_MATH = YES;
				SDKROOT = iphoneos;
				SWIFT_COMPILATION_MODE = wholemodule;
				SWIFT_OPTIMIZATION_LEVEL = "-O";
				VALIDATE_PRODUCT = YES;
			};
			name = Release;
		};
		37433153229D1499000CD792 /* Debug */ = {
			isa = XCBuildConfiguration;
			buildSettings = {
				ASSETCATALOG_COMPILER_APPICON_NAME = AppIcon;
				CODE_SIGN_STYLE = Manual;
				DEVELOPMENT_TEAM = "";
				INFOPLIST_FILE = "Counter Reusable Component/Info.plist";
				LD_RUNPATH_SEARCH_PATHS = (
					"$(inherited)",
					"@executable_path/Frameworks",
				);
				PRODUCT_BUNDLE_IDENTIFIER = "com.CounterReusableComponent.Counter-Reusable-Component";
				PRODUCT_NAME = "$(TARGET_NAME)";
				PROVISIONING_PROFILE_SPECIFIER = "";
				SWIFT_VERSION = 4.2;
				TARGETED_DEVICE_FAMILY = "1,2";
			};
			name = Debug;
		};
		37433154229D1499000CD792 /* Release */ = {
			isa = XCBuildConfiguration;
			buildSettings = {
				ASSETCATALOG_COMPILER_APPICON_NAME = AppIcon;
				CODE_SIGN_STYLE = Manual;
				DEVELOPMENT_TEAM = "";
				INFOPLIST_FILE = "Counter Reusable Component/Info.plist";
				LD_RUNPATH_SEARCH_PATHS = (
					"$(inherited)",
					"@executable_path/Frameworks",
				);
				PRODUCT_BUNDLE_IDENTIFIER = "com.CounterReusableComponent.Counter-Reusable-Component";
				PRODUCT_NAME = "$(TARGET_NAME)";
				PROVISIONING_PROFILE_SPECIFIER = "";
				SWIFT_VERSION = 4.2;
				TARGETED_DEVICE_FAMILY = "1,2";
			};
			name = Release;
		};
		37433156229D1499000CD792 /* Debug */ = {
			isa = XCBuildConfiguration;
			buildSettings = {
				ALWAYS_EMBED_SWIFT_STANDARD_LIBRARIES = YES;
				BUNDLE_LOADER = "$(TEST_HOST)";
				CODE_SIGN_STYLE = Automatic;
				INFOPLIST_FILE = "Counter Reusable ComponentTests/Info.plist";
				LD_RUNPATH_SEARCH_PATHS = (
					"$(inherited)",
					"@executable_path/Frameworks",
					"@loader_path/Frameworks",
				);
				PRODUCT_BUNDLE_IDENTIFIER = "com.CounterReusableComponent.Counter-Reusable-ComponentTests";
				PRODUCT_NAME = "$(TARGET_NAME)";
				SWIFT_VERSION = 4.2;
				TARGETED_DEVICE_FAMILY = "1,2";
				TEST_HOST = "$(BUILT_PRODUCTS_DIR)/Counter Reusable Component.app/Counter Reusable Component";
			};
			name = Debug;
		};
		37433157229D1499000CD792 /* Release */ = {
			isa = XCBuildConfiguration;
			buildSettings = {
				ALWAYS_EMBED_SWIFT_STANDARD_LIBRARIES = YES;
				BUNDLE_LOADER = "$(TEST_HOST)";
				CODE_SIGN_STYLE = Automatic;
				INFOPLIST_FILE = "Counter Reusable ComponentTests/Info.plist";
				LD_RUNPATH_SEARCH_PATHS = (
					"$(inherited)",
					"@executable_path/Frameworks",
					"@loader_path/Frameworks",
				);
				PRODUCT_BUNDLE_IDENTIFIER = "com.CounterReusableComponent.Counter-Reusable-ComponentTests";
				PRODUCT_NAME = "$(TARGET_NAME)";
				SWIFT_VERSION = 4.2;
				TARGETED_DEVICE_FAMILY = "1,2";
				TEST_HOST = "$(BUILT_PRODUCTS_DIR)/Counter Reusable Component.app/Counter Reusable Component";
			};
			name = Release;
		};
		37433159229D1499000CD792 /* Debug */ = {
			isa = XCBuildConfiguration;
			buildSettings = {
				ALWAYS_EMBED_SWIFT_STANDARD_LIBRARIES = YES;
				CODE_SIGN_STYLE = Automatic;
				INFOPLIST_FILE = "Counter Reusable ComponentUITests/Info.plist";
				LD_RUNPATH_SEARCH_PATHS = (
					"$(inherited)",
					"@executable_path/Frameworks",
					"@loader_path/Frameworks",
				);
				PRODUCT_BUNDLE_IDENTIFIER = "com.CounterReusableComponent.Counter-Reusable-ComponentUITests";
				PRODUCT_NAME = "$(TARGET_NAME)";
				SWIFT_VERSION = 4.2;
				TARGETED_DEVICE_FAMILY = "1,2";
				TEST_TARGET_NAME = "Counter Reusable Component";
			};
			name = Debug;
		};
		3743315A229D1499000CD792 /* Release */ = {
			isa = XCBuildConfiguration;
			buildSettings = {
				ALWAYS_EMBED_SWIFT_STANDARD_LIBRARIES = YES;
				CODE_SIGN_STYLE = Automatic;
				INFOPLIST_FILE = "Counter Reusable ComponentUITests/Info.plist";
				LD_RUNPATH_SEARCH_PATHS = (
					"$(inherited)",
					"@executable_path/Frameworks",
					"@loader_path/Frameworks",
				);
				PRODUCT_BUNDLE_IDENTIFIER = "com.CounterReusableComponent.Counter-Reusable-ComponentUITests";
				PRODUCT_NAME = "$(TARGET_NAME)";
				SWIFT_VERSION = 4.2;
				TARGETED_DEVICE_FAMILY = "1,2";
				TEST_TARGET_NAME = "Counter Reusable Component";
			};
			name = Release;
		};
/* End XCBuildConfiguration section */

/* Begin XCConfigurationList section */
		37433125229D1498000CD792 /* Build configuration list for PBXProject "Counter Reusable Component" */ = {
			isa = XCConfigurationList;
			buildConfigurations = (
				37433150229D1499000CD792 /* Debug */,
				37433151229D1499000CD792 /* Release */,
			);
			defaultConfigurationIsVisible = 0;
			defaultConfigurationName = Release;
		};
		37433152229D1499000CD792 /* Build configuration list for PBXNativeTarget "Counter Reusable Component" */ = {
			isa = XCConfigurationList;
			buildConfigurations = (
				37433153229D1499000CD792 /* Debug */,
				37433154229D1499000CD792 /* Release */,
			);
			defaultConfigurationIsVisible = 0;
			defaultConfigurationName = Release;
		};
		37433155229D1499000CD792 /* Build configuration list for PBXNativeTarget "Counter Reusable ComponentTests" */ = {
			isa = XCConfigurationList;
			buildConfigurations = (
				37433156229D1499000CD792 /* Debug */,
				37433157229D1499000CD792 /* Release */,
			);
			defaultConfigurationIsVisible = 0;
			defaultConfigurationName = Release;
		};
		37433158229D1499000CD792 /* Build configuration list for PBXNativeTarget "Counter Reusable ComponentUITests" */ = {
			isa = XCConfigurationList;
			buildConfigurations = (
				37433159229D1499000CD792 /* Debug */,
				3743315A229D1499000CD792 /* Release */,
			);
			defaultConfigurationIsVisible = 0;
			defaultConfigurationName = Release;
		};
/* End XCConfigurationList section */
	};
	rootObject = 37433122229D1498000CD792 /* Project object */;
}
